{
  "version": 4,
  "terraform_version": "1.4.0",
  "serial": 3,
  "lineage": "548adf93-9b3a-f783-3017-a093b30cb2f4",
  "outputs": {},
  "resources": [
    {
      "mode": "managed",
      "type": "azurerm_resource_group",
      "name": "t10",
      "provider": "provider[\"registry.terraform.io/hashicorp/azurerm\"]",
      "instances": [
        {
          "schema_version": 0,
          "attributes": {
            "id": "/subscriptions/eb3feb20-1c83-45bc-b0ef-ec965116c842/resourceGroups/t10-resource-group",
            "location": "eastus",
            "name": "t10-resource-group",
            "tags": {
              "env": "staging",
              "project": "t10-azure-challenge"
            },
            "timeouts": null
          },
          "sensitive_attributes": [],
          "private": "eyJlMmJmYjczMC1lY2FhLTExZTYtOGY4OC0zNDM2M2JjN2M0YzAiOnsiY3JlYXRlIjo1NDAwMDAwMDAwMDAwLCJkZWxldGUiOjU0MDAwMDAwMDAwMDAsInJlYWQiOjMwMDAwMDAwMDAwMCwidXBkYXRlIjo1NDAwMDAwMDAwMDAwfX0="
        }
      ]
    }
  ],
  "check_results": null
}
